# This file is autogenerated, do not edit; changes may be undone by the next 'dep ensure'.


[[projects]]
  digest = "1:89a18fa2505db4b136a4eea6d6432c680f9b603d70c3d594a1315c2513b6c62c"
  name = "github.com/armon/go-proxyproto"
  packages = ["."]
  pruneopts = "UT"
  revision = "3daa90aec0039a806299b9078f4422fee950f33c"

[[projects]]
  digest = "1:3fc676370b9e2b9bb5390e7e939cf92a41de7b27f4ae152f2122d26a38954d72"
  name = "github.com/bshuster-repo/logrus-logstash-hook"
  packages = ["."]
  pruneopts = "UT"
  revision = "ebf008572634916f3a9433d9471a0cd3f68fc772"

[[projects]]
  digest = "1:6390abd7ecff238a1a88c4591de7e4af25ef3f421895bdbebcb24e14a0732257"
  name = "github.com/buger/goterm"
  packages = ["."]
  pruneopts = "UT"
  revision = "cc3942e537b1ab00de92d348c40acbfa6565d20f"

[[projects]]
  branch = "master"
  digest = "1:4c4c33075b704791d6a7f09dfb55c66769e8a1dc6adf87026292d274fe8ad113"
  name = "github.com/codahale/hdrhistogram"
  packages = ["."]
  pruneopts = "UT"
  revision = "3a0bb77429bd3a61596f5e8a3172445844342120"

[[projects]]
  digest = "1:b24d38b282bacf9791408a080f606370efa3d364e4b5fd9ba0f7b87786d3b679"
  name = "github.com/codegangsta/cli"
  packages = ["."]
  pruneopts = "UT"
  revision = "cfb38830724cc34fedffe9a2a29fb54fa9169cd1"
  version = "v1.20.0"

[[projects]]
  digest = "1:d4ae548c515306672a29e35080b9cfab6d0d6c9d92ef51ccffca795ecf0608df"
  name = "github.com/coreos/etcd"
  packages = [
    "auth/authpb",
    "client",
    "clientv3",
    "etcdserver/api/v3rpc/rpctypes",
    "etcdserver/etcdserverpb",
    "mvcc/mvccpb",
    "pkg/pathutil",
    "pkg/srv",
    "pkg/types",
    "version",
  ]
  pruneopts = "UT"
  revision = "fca8add78a9d926166eb739b8e4a124434025ba3"
  version = "v3.3.9"

[[projects]]
  digest = "1:0ef770954bca104ee99b3b6b7f9b240605ac03517d9f98cbc1893daa03f3c038"
  name = "github.com/coreos/go-semver"
  packages = ["semver"]
  pruneopts = "UT"
  revision = "8ab6407b697782a06568d4b7f1db25550ec2e4c6"
  version = "v0.2.0"

[[projects]]
  digest = "1:bfc758d5a03d57d97226fac6934551c01bd76612adb119c177395b057a0a46db"
  name = "github.com/gogo/protobuf"
  packages = [
    "gogoproto",
    "proto",
    "protoc-gen-gogo/descriptor",
  ]
  pruneopts = "UT"
  revision = "636bf0302bc95575d69441b25a2603156ffdddf1"
  version = "v1.1.1"

[[projects]]
  digest = "1:17fe264ee908afc795734e8c4e63db2accabaf57326dbf21763a7d6b86096260"
  name = "github.com/golang/protobuf"
  packages = [
    "proto",
    "ptypes",
    "ptypes/any",
    "ptypes/duration",
    "ptypes/timestamp",
  ]
  pruneopts = "UT"
  revision = "b4deda0973fb4c70b50d226b1af49f3da59f5265"
  version = "v1.1.0"

[[projects]]
  digest = "1:c79fb010be38a59d657c48c6ba1d003a8aa651fa56b579d959d74573b7dff8e1"
  name = "github.com/gorilla/context"
  packages = ["."]
  pruneopts = "UT"
  revision = "08b5f424b9271eedf6f9f0ce86cb9396ed337a42"
  version = "v1.1.1"

[[projects]]
  digest = "1:708ca7f70df972672d96e0a205bf6b2025cb35872d04a250c65cdb9632a851dc"
  name = "github.com/gorilla/mux"
  packages = ["."]
  pruneopts = "UT"
  revision = "757bef944d0f21880861c2dd9c871ca543023cba"

[[projects]]
  digest = "1:43dd08a10854b2056e615d1b1d22ac94559d822e1f8b6fcc92c1a1057e85188e"
  name = "github.com/gorilla/websocket"
  packages = ["."]
  pruneopts = "UT"
  revision = "ea4d1f681babbce9545c9c5f3d5194a789c89f5b"
  version = "v1.2.0"

[[projects]]
  digest = "1:89dfd879adc40793de2e59f4f7c42c1b4ad6bdab32fcb5d6b769c1fcc6fc452a"
  name = "github.com/gravitational/trace"
  packages = ["."]
  pruneopts = "UT"
  revision = "3318e711adee0b3f48d3399ebf5aaddf329a2b4f"
  version = "1.1.5"

[[projects]]
  digest = "1:75ab90ae3f5d876167e60f493beadfe66f0ed861a710f283fb06c86437a09538"
  name = "github.com/jonboulle/clockwork"
  packages = ["."]
  pruneopts = "UT"
  revision = "2eee05ed794112d45db504eb05aa693efd2b8b09"
  version = "v0.1.0"

[[projects]]
  digest = "1:ca955a9cd5b50b0f43d2cc3aeb35c951473eeca41b34eb67507f1dbcc0542394"
  name = "github.com/kr/pretty"
  packages = ["."]
  pruneopts = "UT"
  revision = "73f6ac0b30a98e433b289500d779f50c1a6f0712"
  version = "v0.1.0"

[[projects]]
  digest = "1:15b5cc79aad436d47019f814fde81a10221c740dc8ddf769221a65097fb6c2e9"
  name = "github.com/kr/text"
  packages = ["."]
  pruneopts = "UT"
  revision = "e2ffdb16a802fe2bb95e2e35ff34f0e53aeef34f"
  version = "v0.1.0"

[[projects]]
  digest = "1:a4b53114f937462b58208e1ac8ab77c7ac212bffebb589b9e7aba6ca4a530aad"
  name = "github.com/mailgun/metrics"
  packages = ["."]
  pruneopts = "UT"
  revision = "2b3c4565aafdcd40c8069e50de08ac5379787943"

[[projects]]
  branch = "master"
  digest = "1:1f97d3c252bf9bda0869c228d0ec84a440f1590d6e33e83221c0dff185caad1f"
  name = "github.com/mailgun/minheap"
  packages = ["."]
  pruneopts = "UT"
  revision = "3dbe6c6bf55f94c5efcf460dc7f86830c21a90b2"

[[projects]]
  branch = "master"
  digest = "1:a9ee56da4d72348010d10e6fe3bb79f05c41360530d0e30778cf59f9b795e15e"
  name = "github.com/mailgun/multibuf"
  packages = ["."]
  pruneopts = "UT"
  revision = "565402cd71fbd9c12aa7e295324ea357e970a61e"

[[projects]]
  branch = "master"
  digest = "1:3fd1adcbd889afe2d5dd9e1b5092f7c27a247f1428fa9f7f4fdcff012ac5362c"
  name = "github.com/mailgun/timetools"
  packages = ["."]
  pruneopts = "UT"
  revision = "f3a7b8ffff474320c4f5cc564c9abb2c52ded8bc"

[[projects]]
  branch = "master"
  digest = "1:6d82a6a93101a038049f76c4b26d7b535699263c70231a648a801219c0f0fc47"
  name = "github.com/mailgun/ttlmap"
  packages = ["."]
  pruneopts = "UT"
  revision = "c1c17f74874f2a5ea48bfb06b5459d4ef2689749"

[[projects]]
  digest = "1:40e195917a951a8bf867cd05de2a46aaf1806c50cf92eebf4c16f78cd196f747"
  name = "github.com/pkg/errors"
  packages = ["."]
  pruneopts = "UT"
  revision = "645ef00459ed84a119197bfb8d8205042c6df63d"
  version = "v0.8.0"

[[projects]]
  digest = "1:606e395bc6f4011ae992e7ae0c613839d20ea097b8a9468e1683b22cefd8fd77"
  name = "github.com/sirupsen/logrus"
  packages = [
    ".",
    "hooks/syslog",
  ]
  pruneopts = "UT"
  revision = "3e01752db0189b9157070a0e1668a620f9a85da2"
  version = "v1.0.6"

[[projects]]
  digest = "1:03aa6e485e528acb119fb32901cf99582c380225fc7d5a02758e08b180cb56c3"
  name = "github.com/ugorji/go"
  packages = ["codec"]
  pruneopts = "UT"
  revision = "b4c50a2b199d93b13dc15e78929cfb23bfdf21ab"
  version = "v1.1.1"

[[projects]]
  digest = "1:c7690ba856fcbefdc07f20a40d61319585326faf6e1b1d4b6e11285fb47aaf08"
  name = "github.com/vulcand/oxy"
  packages = [
    "buffer",
    "cbreaker",
    "connlimit",
    "forward",
    "memmetrics",
    "ratelimit",
    "roundrobin",
    "stream",
    "testutils",
    "trace",
    "utils",
  ]
  pruneopts = "UT"
  revision = "21cae4f7b50bbd9523e7fa7e65b68d90b51aee3c"

[[projects]]
  digest = "1:6c5f68cf784d26b3ffa628e787d7a36cad30ad57d7e0a6b29f6f3a08f1021c8e"
  name = "github.com/vulcand/predicate"
  packages = ["."]
  pruneopts = "UT"
  revision = "8fbfb3ab0e94276b6b58bec378600829adc7a203"
  version = "v1.1.0"

[[projects]]
  branch = "master"
  digest = "1:a4a9c81f4d6c531bd27f779409cab4245f5080e1010a5bdc225d64692adffa31"
  name = "github.com/vulcand/route"
  packages = ["."]
  pruneopts = "UT"
  revision = "58b44163b96852a2198ccdff734112df02184c34"

[[projects]]
  digest = "1:5eed26249802f34c99ce5e17e94cf03cd2e01e967a136f85862aba27e4bee976"
  name = "golang.org/x/crypto"
  packages = [
    "acme",
    "acme/autocert",
    "nacl/secretbox",
    "ocsp",
    "poly1305",
    "salsa20/salsa",
    "ssh/terminal",
  ]
  pruneopts = "UT"
  revision = "76eec36fa14229c4b25bb894c2d0e591527af429"

[[projects]]
  branch = "master"
  digest = "1:b5c3834d33445efdc5a8dcb154bed9e4c211edadbf02f6f5cc20c5e9be26a499"
  name = "golang.org/x/net"
  packages = [
    "context",
    "http/httpguts",
    "http2",
    "http2/hpack",
    "idna",
    "internal/timeseries",
    "trace",
  ]
  pruneopts = "UT"
  revision = "f4c29de78a2a91c00474a2e689954305c350adf9"

[[projects]]
  branch = "master"
  digest = "1:4a7c38ff146e5002dda78fdf599ac143fd0c98ffba9fb9d1721c3ba7fcd356c0"
  name = "golang.org/x/sys"
  packages = [
    "unix",
    "windows",
  ]
  pruneopts = "UT"
  revision = "3dc4335d56c789b04b0ba99b7a37249d9b614314"

[[projects]]
  digest = "1:a2ab62866c75542dd18d2b069fec854577a20211d7c0ea6ae746072a1dccdd18"
  name = "golang.org/x/text"
  packages = [
    "collate",
    "collate/build",
    "internal/colltab",
    "internal/gen",
    "internal/tag",
    "internal/triegen",
    "internal/ucd",
    "language",
    "secure/bidirule",
    "transform",
    "unicode/bidi",
    "unicode/cldr",
    "unicode/norm",
    "unicode/rangetable",
  ]
  pruneopts = "UT"
  revision = "f21a4dfb5e38f5895301dc265a8def02365cc3d0"
  version = "v0.3.0"

[[projects]]
  branch = "master"
  digest = "1:077c1c599507b3b3e9156d17d36e1e61928ee9b53a5b420f10f28ebd4a0b275c"
  name = "google.golang.org/genproto"
  packages = ["googleapis/rpc/status"]
  pruneopts = "UT"
  revision = "daca94659cb50e9f37c1b834680f2e46358f10b0"

[[projects]]
  digest = "1:7ccedf0aab474a6aef9d7222cd2429a34fddb996bbd1f60ec0f9fe69d80b36ae"
  name = "google.golang.org/grpc"
  packages = [
    ".",
    "balancer",
    "balancer/base",
    "balancer/roundrobin",
    "codes",
    "connectivity",
    "credentials",
    "encoding",
    "encoding/proto",
    "grpclog",
    "health/grpc_health_v1",
    "internal",
    "internal/backoff",
    "internal/channelz",
    "internal/envconfig",
    "internal/grpcrand",
    "internal/transport",
    "keepalive",
    "metadata",
    "naming",
    "peer",
    "resolver",
    "resolver/dns",
    "resolver/passthrough",
    "stats",
    "status",
    "tap",
  ]
  pruneopts = "UT"
  revision = "32fb0ac620c32ba40a4626ddf94d90d12cce3455"
  version = "v1.14.0"

[[projects]]
  branch = "v1"
  digest = "1:af715ae33cc1f5695c4b2a4e4b21d008add8802a99e15bb467ac7c32edb5000d"
  name = "gopkg.in/check.v1"
  packages = ["."]
  pruneopts = "UT"
  revision = "788fd78401277ebd861206a03c884797c6ec5541"

[[projects]]
  branch = "v2"
  digest = "1:2642fd0b6900c77247d61d80cf2eb59a374ef4ffc2d25a1b95b87dc355b2894e"
  name = "gopkg.in/mgo.v2"
  packages = [
    "bson",
    "internal/json",
  ]
  pruneopts = "UT"
  revision = "9856a29383ce1c59f308dd1cf0363a79b5bef6b5"

[solve-meta]
  analyzer-name = "dep"
  analyzer-version = 1
  input-imports = [
    "github.com/armon/go-proxyproto",
    "github.com/bshuster-repo/logrus-logstash-hook",
    "github.com/buger/goterm",
    "github.com/codegangsta/cli",
    "github.com/coreos/etcd/client",
    "github.com/coreos/etcd/clientv3",
    "github.com/coreos/etcd/etcdserver/api/v3rpc/rpctypes",
    "github.com/coreos/etcd/mvcc/mvccpb",
    "github.com/gorilla/mux",
    "github.com/mailgun/metrics",
    "github.com/mailgun/timetools",
    "github.com/pkg/errors",
    "github.com/sirupsen/logrus",
    "github.com/sirupsen/logrus/hooks/syslog",
    "github.com/vulcand/oxy/buffer",
    "github.com/vulcand/oxy/cbreaker",
    "github.com/vulcand/oxy/connlimit",
    "github.com/vulcand/oxy/forward",
    "github.com/vulcand/oxy/memmetrics",
    "github.com/vulcand/oxy/ratelimit",
    "github.com/vulcand/oxy/roundrobin",
    "github.com/vulcand/oxy/stream",
    "github.com/vulcand/oxy/testutils",
    "github.com/vulcand/oxy/trace",
    "github.com/vulcand/oxy/utils",
    "github.com/vulcand/route",
    "golang.org/x/crypto/acme",
    "golang.org/x/crypto/acme/autocert",
    "golang.org/x/crypto/nacl/secretbox",
    "golang.org/x/crypto/ocsp",
    "golang.org/x/net/context",
    "google.golang.org/grpc/grpclog",
    "gopkg.in/check.v1",
  ]
  solver-name = "gps-cdcl"
  solver-version = 1
