# This file is autogenerated, do not edit; changes may be undone by the next 'dep ensure'.


[[projects]]
  name = "github.com/armon/go-proxyproto"
  packages = ["."]
  revision = "3daa90aec0039a806299b9078f4422fee950f33c"

[[projects]]
  name = "github.com/bshuster-repo/logrus-logstash-hook"
  packages = ["."]
  revision = "ebf008572634916f3a9433d9471a0cd3f68fc772"

[[projects]]
  name = "github.com/buger/goterm"
  packages = ["."]
  revision = "cc3942e537b1ab00de92d348c40acbfa6565d20f"

[[projects]]
  branch = "master"
  name = "github.com/codahale/hdrhistogram"
  packages = ["."]
  revision = "3a0bb77429bd3a61596f5e8a3172445844342120"

[[projects]]
  name = "github.com/codegangsta/cli"
  packages = ["."]
  revision = "cfb38830724cc34fedffe9a2a29fb54fa9169cd1"
  version = "v1.20.0"

[[projects]]
  name = "github.com/coreos/etcd"
  packages = [
    "auth/authpb",
    "client",
    "clientv3",
    "etcdserver/api/v3rpc/rpctypes",
    "etcdserver/etcdserverpb",
    "mvcc/mvccpb",
    "pkg/pathutil",
    "pkg/srv",
    "pkg/types",
    "version"
  ]
<<<<<<< HEAD
<<<<<<< HEAD
  revision = "fca8add78a9d926166eb739b8e4a124434025ba3"
  version = "v3.3.9"

[[projects]]
  name = "github.com/coreos/go-semver"
  packages = ["semver"]
  revision = "8ab6407b697782a06568d4b7f1db25550ec2e4c6"
  version = "v0.2.0"

[[projects]]
  name = "github.com/gogo/protobuf"
  packages = [
    "gogoproto",
    "proto",
    "protoc-gen-gogo/descriptor"
  ]
  revision = "636bf0302bc95575d69441b25a2603156ffdddf1"
  version = "v1.1.1"
=======
  revision = "12d930b40fa4119e3a8a0e2824c8721c16ef066b"

[[projects]]
  name = "github.com/ghodss/yaml"
  packages = ["."]
  revision = "04f313413ffd65ce25f2541bfd2b2ceec5c0908c"
>>>>>>> pin library dependencies
=======
  revision = "33245c6b5b49130ca99280408fadfab01aac0e48"
  version = "v3.3.8"

[[projects]]
  name = "github.com/coreos/go-semver"
  packages = ["semver"]
  revision = "8ab6407b697782a06568d4b7f1db25550ec2e4c6"
  version = "v0.2.0"

[[projects]]
  name = "github.com/gogo/protobuf"
  packages = [
    "gogoproto",
    "proto",
    "protoc-gen-gogo/descriptor"
  ]
  revision = "1adfc126b41513cc696b209667c8656ea7aac67c"
  version = "v1.0.0"
>>>>>>> updated etcd client to 3.3.8

[[projects]]
  name = "github.com/golang/protobuf"
  packages = [
    "proto",
    "ptypes",
    "ptypes/any",
    "ptypes/duration",
    "ptypes/timestamp"
  ]
  revision = "b4deda0973fb4c70b50d226b1af49f3da59f5265"
  version = "v1.1.0"

[[projects]]
  name = "github.com/gorilla/context"
  packages = ["."]
  revision = "08b5f424b9271eedf6f9f0ce86cb9396ed337a42"
  version = "v1.1.1"

[[projects]]
  name = "github.com/gorilla/mux"
  packages = ["."]
  revision = "757bef944d0f21880861c2dd9c871ca543023cba"

[[projects]]
<<<<<<< HEAD
<<<<<<< HEAD
  name = "github.com/gorilla/websocket"
  packages = ["."]
  revision = "ea4d1f681babbce9545c9c5f3d5194a789c89f5b"
  version = "v1.2.0"

[[projects]]
  name = "github.com/gravitational/trace"
  packages = ["."]
  revision = "3318e711adee0b3f48d3399ebf5aaddf329a2b4f"
  version = "1.1.5"

[[projects]]
  name = "github.com/jonboulle/clockwork"
  packages = ["."]
  revision = "2eee05ed794112d45db504eb05aa693efd2b8b09"
  version = "v0.1.0"

[[projects]]
  name = "github.com/kr/pretty"
  packages = ["."]
  revision = "73f6ac0b30a98e433b289500d779f50c1a6f0712"
  version = "v0.1.0"

[[projects]]
  name = "github.com/kr/text"
  packages = ["."]
  revision = "e2ffdb16a802fe2bb95e2e35ff34f0e53aeef34f"
  version = "v0.1.0"
=======
  name = "github.com/grpc-ecosystem/go-grpc-prometheus"
  packages = ["."]
  revision = "6b7015e65d366bf3f19b2b2a000a831940f0f7e0"
  version = "v1.1"

[[projects]]
  name = "github.com/grpc-ecosystem/grpc-gateway"
  packages = [
    "runtime",
    "runtime/internal",
    "utilities"
  ]
  revision = "199c40a060d1e55508b3b85182ce6f3895ae6302"
>>>>>>> pin library dependencies

[[projects]]
=======
>>>>>>> updated etcd client to 3.3.8
  name = "github.com/mailgun/metrics"
  packages = ["."]
  revision = "2b3c4565aafdcd40c8069e50de08ac5379787943"

[[projects]]
  branch = "master"
  name = "github.com/mailgun/minheap"
  packages = ["."]
  revision = "3dbe6c6bf55f94c5efcf460dc7f86830c21a90b2"

[[projects]]
  branch = "master"
  name = "github.com/mailgun/multibuf"
  packages = ["."]
  revision = "565402cd71fbd9c12aa7e295324ea357e970a61e"

[[projects]]
  branch = "master"
  name = "github.com/mailgun/timetools"
  packages = ["."]
  revision = "f3a7b8ffff474320c4f5cc564c9abb2c52ded8bc"

[[projects]]
  branch = "master"
  name = "github.com/mailgun/ttlmap"
  packages = ["."]
  revision = "c1c17f74874f2a5ea48bfb06b5459d4ef2689749"

[[projects]]
  name = "github.com/pkg/errors"
  packages = ["."]
  revision = "645ef00459ed84a119197bfb8d8205042c6df63d"
  version = "v0.8.0"

[[projects]]
  name = "github.com/sirupsen/logrus"
  packages = [
    ".",
    "hooks/syslog"
  ]
  revision = "3e01752db0189b9157070a0e1668a620f9a85da2"
  version = "v1.0.6"

[[projects]]
  name = "github.com/ugorji/go"
  packages = ["codec"]
  revision = "b4c50a2b199d93b13dc15e78929cfb23bfdf21ab"
  version = "v1.1.1"

[[projects]]
  name = "github.com/vulcand/oxy"
  packages = [
    "buffer",
    "cbreaker",
    "connlimit",
    "forward",
    "memmetrics",
    "ratelimit",
    "roundrobin",
    "stream",
    "testutils",
    "trace",
    "utils"
  ]
  revision = "21cae4f7b50bbd9523e7fa7e65b68d90b51aee3c"

[[projects]]
  name = "github.com/vulcand/predicate"
  packages = ["."]
  revision = "8fbfb3ab0e94276b6b58bec378600829adc7a203"
  version = "v1.1.0"

[[projects]]
  branch = "master"
  name = "github.com/vulcand/route"
  packages = ["."]
  revision = "81ef6c58993f941040084f06336c46a0b684dffb"

[[projects]]
  name = "golang.org/x/crypto"
  packages = [
    "acme",
    "acme/autocert",
    "nacl/secretbox",
    "ocsp",
    "poly1305",
    "salsa20/salsa",
    "ssh/terminal"
  ]
  revision = "76eec36fa14229c4b25bb894c2d0e591527af429"

[[projects]]
  branch = "master"
  name = "golang.org/x/net"
  packages = [
    "context",
    "http/httpguts",
    "http2",
    "http2/hpack",
    "idna",
    "internal/timeseries",
    "trace"
  ]
<<<<<<< HEAD
<<<<<<< HEAD
  revision = "f4c29de78a2a91c00474a2e689954305c350adf9"
=======
  revision = "97aa3a539ec716117a9d15a4659a911f50d13c3c"

[[projects]]
  name = "golang.org/x/text"
  packages = [
    "collate",
    "collate/build",
    "internal/colltab",
    "internal/gen",
    "internal/tag",
    "internal/triegen",
    "internal/ucd",
    "language",
    "secure/bidirule",
    "transform",
    "unicode/bidi",
    "unicode/cldr",
    "unicode/norm",
    "unicode/rangetable"
  ]
  revision = "f21a4dfb5e38f5895301dc265a8def02365cc3d0"
  version = "v0.3.0"
>>>>>>> updated etcd client to 3.3.8

[[projects]]
  branch = "master"
  name = "golang.org/x/sys"
  packages = [
    "unix",
    "windows"
  ]
  revision = "3dc4335d56c789b04b0ba99b7a37249d9b614314"

[[projects]]
  name = "golang.org/x/text"
  packages = [
    "collate",
    "collate/build",
    "internal/colltab",
    "internal/gen",
    "internal/tag",
    "internal/triegen",
    "internal/ucd",
    "language",
    "secure/bidirule",
    "transform",
    "unicode/bidi",
    "unicode/cldr",
    "unicode/norm",
    "unicode/rangetable"
  ]
  revision = "f21a4dfb5e38f5895301dc265a8def02365cc3d0"
  version = "v0.3.0"
=======
  revision = "45e771701b814666a7eb299e6c7a57d0b1799e91"
>>>>>>> pin library dependencies

[[projects]]
  branch = "master"
  name = "google.golang.org/genproto"
  packages = ["googleapis/rpc/status"]
  revision = "daca94659cb50e9f37c1b834680f2e46358f10b0"

[[projects]]
  name = "google.golang.org/grpc"
  packages = [
    ".",
    "balancer",
    "balancer/base",
    "balancer/roundrobin",
    "codes",
    "connectivity",
    "credentials",
    "encoding",
    "encoding/proto",
    "grpclog",
    "health/grpc_health_v1",
    "internal",
<<<<<<< HEAD
<<<<<<< HEAD
    "internal/backoff",
    "internal/channelz",
    "internal/envconfig",
    "internal/grpcrand",
    "internal/transport",
    "keepalive",
=======
>>>>>>> pin library dependencies
=======
    "internal/backoff",
    "internal/channelz",
    "internal/grpcrand",
    "keepalive",
>>>>>>> updated etcd client to 3.3.8
    "metadata",
    "naming",
    "peer",
    "resolver",
    "resolver/dns",
    "resolver/passthrough",
    "stats",
<<<<<<< HEAD
<<<<<<< HEAD
    "status",
    "tap"
  ]
  revision = "32fb0ac620c32ba40a4626ddf94d90d12cce3455"
  version = "v1.14.0"
=======
    "tap",
    "transport"
  ]
  revision = "9d682f9293b408c42d17c587d0e2a31237ac3f10"
>>>>>>> pin library dependencies
=======
    "status",
    "tap",
    "transport"
  ]
  revision = "168a6198bcb0ef175f7dacec0b8691fc141dc9b8"
  version = "v1.13.0"

>>>>>>> updated etcd client to 3.3.8

[[projects]]
  branch = "v1"
  name = "gopkg.in/check.v1"
  packages = ["."]
  revision = "788fd78401277ebd861206a03c884797c6ec5541"

[[projects]]
  branch = "v2"
  name = "gopkg.in/mgo.v2"
  packages = [
    "bson",
    "internal/json"
  ]
  revision = "9856a29383ce1c59f308dd1cf0363a79b5bef6b5"

[solve-meta]
  analyzer-name = "dep"
  analyzer-version = 1
<<<<<<< HEAD
<<<<<<< HEAD
  inputs-digest = "354b9d63f2c1265f1681f7f5a9e0051a33ff71e0bc28b5be9e51517ae63dcf92"
=======
=======
>>>>>>> updated etcd client to 3.3.8
<<<<<<< HEAD
  inputs-digest = "e9c33d8e0c6a2c2167d235b08372a097e6cdf38174c531369afa7d57befbab1d"
=======
  inputs-digest = "111729d8c9d76f8b71214ae79cb5d9f806b0be2e679d7be21d14d642685ae85a"
>>>>>>> pin library dependencies
<<<<<<< HEAD
>>>>>>> pin library dependencies
=======
=======
  inputs-digest = "2a9b021991473fd00a46e043e40bccd910ea3a8e19b3cf34a6f5f424b0af0dc1"
>>>>>>> updated etcd client to 3.3.8
>>>>>>> updated etcd client to 3.3.8
  solver-name = "gps-cdcl"
  solver-version = 1
